
Microsoft Visual Studio Solution File, Format Version 12.00
# Visual Studio 15
VisualStudioVersion = 15.0.28307.168
MinimumVisualStudioVersion = 10.0.40219.1
Project("{9A19103F-16F7-4668-BE54-9A1E7A4F7556}") = "SSO.Client", "SSO.Client.csproj", "{D900EF76-2A97-4AE6-8B37-82A25FDF1EB1}"
EndProject
Global
	GlobalSection(SolutionConfigurationPlatforms) = preSolution
		Debug|Any CPU = Debug|Any CPU
		Release|Any CPU = Release|Any CPU
	EndGlobalSection
	GlobalSection(ProjectConfigurationPlatforms) = postSolution
		{D900EF76-2A97-4AE6-8B37-82A25FDF1EB1}.Debug|Any CPU.ActiveCfg = Debug|Any CPU
		{D900EF76-2A97-4AE6-8B37-82A25FDF1EB1}.Debug|Any CPU.Build.0 = Debug|Any CPU
		{D900EF76-2A97-4AE6-8B37-82A25FDF1EB1}.Release|Any CPU.ActiveCfg = Release|Any CPU
		{D900EF76-2A97-4AE6-8B37-82A25FDF1EB1}.Release|Any CPU.Build.0 = Release|Any CPU
	EndGlobalSection
	GlobalSection(SolutionProperties) = preSolution
		HideSolutionNode = FALSE
	EndGlobalSection
	GlobalSection(ExtensibilityGlobals) = postSolution
		SolutionGuid = {A2C752A4-C234-4221-B1DC-872DDCEF77D3}
	EndGlobalSection
EndGlobal
